
Microsoft Visual Studio Solution File, Format Version 12.00
# Visual Studio Version 17
VisualStudioVersion = 17.5.33530.505
MinimumVisualStudioVersion = 10.0.40219.1
Project("{FAE04EC0-301F-11D3-BF4B-00C04F79EFBC}") = "DemoQA.Tests", "DemoQA.Tests.csproj", "{70229F97-E45F-4B24-A4DB-7F77757D076B}"
EndProject
Global
	GlobalSection(SolutionConfigurationPlatforms) = preSolution
		Debug|Any CPU = Debug|Any CPU
		Release|Any CPU = Release|Any CPU
	EndGlobalSection
	GlobalSection(ProjectConfigurationPlatforms) = postSolution
		{70229F97-E45F-4B24-A4DB-7F77757D076B}.Debug|Any CPU.ActiveCfg = Debug|Any CPU
		{70229F97-E45F-4B24-A4DB-7F77757D076B}.Debug|Any CPU.Build.0 = Debug|Any CPU
		{70229F97-E45F-4B24-A4DB-7F77757D076B}.Release|Any CPU.ActiveCfg = Release|Any CPU
		{70229F97-E45F-4B24-A4DB-7F77757D076B}.Release|Any CPU.Build.0 = Release|Any CPU
	EndGlobalSection
	GlobalSection(SolutionProperties) = preSolution
		HideSolutionNode = FALSE
	EndGlobalSection
	GlobalSection(ExtensibilityGlobals) = postSolution
		SolutionGuid = {99A0305A-E106-4C8D-A9C5-49D38CAB922D}
	EndGlobalSection
EndGlobal
